{
  "name": "randomise-it",
  "version": "0.0.0",
  "lockfileVersion": 2,
  "requires": true,
  "packages": {
    "": {
      "name": "randomise-it",
      "version": "0.0.0",
      "license": "MIT",
      "dependencies": {
        "randomise-it": "^0.0.0"
      }
    },
    "node_modules/randomise-it": {
      "version": "0.0.0",
      "resolved": "https://registry.npmjs.org/randomise-it/-/randomise-it-0.0.0.tgz",
      "integrity": "sha512-AT84FcJVAnUIFnXNKQgP8Hx2buIFMHagioh74sQiVk3Ofje6XwgG4dG6YwCmpcCHgQfE5TDY3+zDwlQMFMVsCg=="
    }
  },
  "dependencies": {
    "randomise-it": {
      "version": "0.0.0",
      "resolved": "https://registry.npmjs.org/randomise-it/-/randomise-it-0.0.0.tgz",
      "integrity": "sha512-AT84FcJVAnUIFnXNKQgP8Hx2buIFMHagioh74sQiVk3Ofje6XwgG4dG6YwCmpcCHgQfE5TDY3+zDwlQMFMVsCg=="
    }
  }
}
